
Microsoft Visual Studio Solution File, Format Version 12.00
# Visual Studio Version 17
VisualStudioVersion = 17.0.31825.309
MinimumVisualStudioVersion = 10.0.40219.1
Project("{FAE04EC0-301F-11D3-BF4B-00C04F79EFBC}") = "QRBee.Android", "QRBee\QRBee.Android\QRBee.Android.csproj", "{06E36073-65D8-41D9-9515-65B1BC23DE0E}"
EndProject
Project("{9A19103F-16F7-4668-BE54-9A1E7A4F7556}") = "QRBee", "QRBee\QRBee\QRBee.csproj", "{9C717836-BE20-4721-877B-8B6250245FF9}"
EndProject
Project("{9A19103F-16F7-4668-BE54-9A1E7A4F7556}") = "QRBee.Api", "QRBeeApi\QRBee.Api.csproj", "{D985A736-12A3-4A7A-B1A7-502321BD460A}"
EndProject
Project("{9A19103F-16F7-4668-BE54-9A1E7A4F7556}") = "QRBee.Core", "QRBee.Core\QRBee.Core.csproj", "{7C461562-66EF-4894-8AD8-F27F0B94053F}"
EndProject
Project("{9A19103F-16F7-4668-BE54-9A1E7A4F7556}") = "QRBee.Tests", "QRBee.Tests\QRBee.Tests.csproj", "{C48223E7-4AEF-4F6B-A8A0-DDE16B7111DA}"
EndProject
Project("{FAE04EC0-301F-11D3-BF4B-00C04F79EFBC}") = "QRBee.Load.Generator", "QRBee.Load.Generator\QRBee.Load.Generator.csproj", "{656BE747-ADE3-4E85-A70C-13167E716260}"
EndProject
Global
	GlobalSection(SolutionConfigurationPlatforms) = preSolution
		Debug|Any CPU = Debug|Any CPU
		Debug|iPhone = Debug|iPhone
		Debug|iPhoneSimulator = Debug|iPhoneSimulator
		Release|Any CPU = Release|Any CPU
		Release|iPhone = Release|iPhone
		Release|iPhoneSimulator = Release|iPhoneSimulator
	EndGlobalSection
	GlobalSection(ProjectConfigurationPlatforms) = postSolution
		{06E36073-65D8-41D9-9515-65B1BC23DE0E}.Debug|Any CPU.ActiveCfg = Debug|Any CPU
		{06E36073-65D8-41D9-9515-65B1BC23DE0E}.Debug|Any CPU.Build.0 = Debug|Any CPU
		{06E36073-65D8-41D9-9515-65B1BC23DE0E}.Debug|Any CPU.Deploy.0 = Debug|Any CPU
		{06E36073-65D8-41D9-9515-65B1BC23DE0E}.Debug|iPhone.ActiveCfg = Debug|Any CPU
		{06E36073-65D8-41D9-9515-65B1BC23DE0E}.Debug|iPhone.Build.0 = Debug|Any CPU
		{06E36073-65D8-41D9-9515-65B1BC23DE0E}.Debug|iPhone.Deploy.0 = Debug|Any CPU
		{06E36073-65D8-41D9-9515-65B1BC23DE0E}.Debug|iPhoneSimulator.ActiveCfg = Debug|Any CPU
		{06E36073-65D8-41D9-9515-65B1BC23DE0E}.Debug|iPhoneSimulator.Build.0 = Debug|Any CPU
		{06E36073-65D8-41D9-9515-65B1BC23DE0E}.Debug|iPhoneSimulator.Deploy.0 = Debug|Any CPU
		{06E36073-65D8-41D9-9515-65B1BC23DE0E}.Release|Any CPU.ActiveCfg = Release|Any CPU
		{06E36073-65D8-41D9-9515-65B1BC23DE0E}.Release|Any CPU.Build.0 = Release|Any CPU
		{06E36073-65D8-41D9-9515-65B1BC23DE0E}.Release|Any CPU.Deploy.0 = Release|Any CPU
		{06E36073-65D8-41D9-9515-65B1BC23DE0E}.Release|iPhone.ActiveCfg = Release|Any CPU
		{06E36073-65D8-41D9-9515-65B1BC23DE0E}.Release|iPhone.Build.0 = Release|Any CPU
		{06E36073-65D8-41D9-9515-65B1BC23DE0E}.Release|iPhone.Deploy.0 = Release|Any CPU
		{06E36073-65D8-41D9-9515-65B1BC23DE0E}.Release|iPhoneSimulator.ActiveCfg = Release|Any CPU
		{06E36073-65D8-41D9-9515-65B1BC23DE0E}.Release|iPhoneSimulator.Build.0 = Release|Any CPU
		{06E36073-65D8-41D9-9515-65B1BC23DE0E}.Release|iPhoneSimulator.Deploy.0 = Release|Any CPU
		{9C717836-BE20-4721-877B-8B6250245FF9}.Debug|Any CPU.ActiveCfg = Debug|Any CPU
		{9C717836-BE20-4721-877B-8B6250245FF9}.Debug|Any CPU.Build.0 = Debug|Any CPU
		{9C717836-BE20-4721-877B-8B6250245FF9}.Debug|Any CPU.Deploy.0 = Debug|Any CPU
		{9C717836-BE20-4721-877B-8B6250245FF9}.Debug|iPhone.ActiveCfg = Debug|Any CPU
		{9C717836-BE20-4721-877B-8B6250245FF9}.Debug|iPhone.Build.0 = Debug|Any CPU
		{9C717836-BE20-4721-877B-8B6250245FF9}.Debug|iPhone.Deploy.0 = Debug|Any CPU
		{9C717836-BE20-4721-877B-8B6250245FF9}.Debug|iPhoneSimulator.ActiveCfg = Debug|Any CPU
		{9C717836-BE20-4721-877B-8B6250245FF9}.Debug|iPhoneSimulator.Build.0 = Debug|Any CPU
		{9C717836-BE20-4721-877B-8B6250245FF9}.Debug|iPhoneSimulator.Deploy.0 = Debug|Any CPU
		{9C717836-BE20-4721-877B-8B6250245FF9}.Release|Any CPU.ActiveCfg = Release|Any CPU
		{9C717836-BE20-4721-877B-8B6250245FF9}.Release|Any CPU.Build.0 = Release|Any CPU
		{9C717836-BE20-4721-877B-8B6250245FF9}.Release|Any CPU.Deploy.0 = Release|Any CPU
		{9C717836-BE20-4721-877B-8B6250245FF9}.Release|iPhone.ActiveCfg = Release|Any CPU
		{9C717836-BE20-4721-877B-8B6250245FF9}.Release|iPhone.Build.0 = Release|Any CPU
		{9C717836-BE20-4721-877B-8B6250245FF9}.Release|iPhone.Deploy.0 = Release|Any CPU
		{9C717836-BE20-4721-877B-8B6250245FF9}.Release|iPhoneSimulator.ActiveCfg = Release|Any CPU
		{9C717836-BE20-4721-877B-8B6250245FF9}.Release|iPhoneSimulator.Build.0 = Release|Any CPU
		{9C717836-BE20-4721-877B-8B6250245FF9}.Release|iPhoneSimulator.Deploy.0 = Release|Any CPU
		{D985A736-12A3-4A7A-B1A7-502321BD460A}.Debug|Any CPU.ActiveCfg = Debug|Any CPU
		{D985A736-12A3-4A7A-B1A7-502321BD460A}.Debug|Any CPU.Build.0 = Debug|Any CPU
		{D985A736-12A3-4A7A-B1A7-502321BD460A}.Debug|iPhone.ActiveCfg = Debug|Any CPU
		{D985A736-12A3-4A7A-B1A7-502321BD460A}.Debug|iPhone.Build.0 = Debug|Any CPU
		{D985A736-12A3-4A7A-B1A7-502321BD460A}.Debug|iPhoneSimulator.ActiveCfg = Debug|Any CPU
		{D985A736-12A3-4A7A-B1A7-502321BD460A}.Debug|iPhoneSimulator.Build.0 = Debug|Any CPU
		{D985A736-12A3-4A7A-B1A7-502321BD460A}.Release|Any CPU.ActiveCfg = Release|Any CPU
		{D985A736-12A3-4A7A-B1A7-502321BD460A}.Release|Any CPU.Build.0 = Release|Any CPU
		{D985A736-12A3-4A7A-B1A7-502321BD460A}.Release|iPhone.ActiveCfg = Release|Any CPU
		{D985A736-12A3-4A7A-B1A7-502321BD460A}.Release|iPhone.Build.0 = Release|Any CPU
		{D985A736-12A3-4A7A-B1A7-502321BD460A}.Release|iPhoneSimulator.ActiveCfg = Release|Any CPU
		{D985A736-12A3-4A7A-B1A7-502321BD460A}.Release|iPhoneSimulator.Build.0 = Release|Any CPU
		{7C461562-66EF-4894-8AD8-F27F0B94053F}.Debug|Any CPU.ActiveCfg = Debug|Any CPU
		{7C461562-66EF-4894-8AD8-F27F0B94053F}.Debug|Any CPU.Build.0 = Debug|Any CPU
		{7C461562-66EF-4894-8AD8-F27F0B94053F}.Debug|iPhone.ActiveCfg = Debug|Any CPU
		{7C461562-66EF-4894-8AD8-F27F0B94053F}.Debug|iPhone.Build.0 = Debug|Any CPU
		{7C461562-66EF-4894-8AD8-F27F0B94053F}.Debug|iPhoneSimulator.ActiveCfg = Debug|Any CPU
		{7C461562-66EF-4894-8AD8-F27F0B94053F}.Debug|iPhoneSimulator.Build.0 = Debug|Any CPU
		{7C461562-66EF-4894-8AD8-F27F0B94053F}.Release|Any CPU.ActiveCfg = Release|Any CPU
		{7C461562-66EF-4894-8AD8-F27F0B94053F}.Release|Any CPU.Build.0 = Release|Any CPU
		{7C461562-66EF-4894-8AD8-F27F0B94053F}.Release|iPhone.ActiveCfg = Release|Any CPU
		{7C461562-66EF-4894-8AD8-F27F0B94053F}.Release|iPhone.Build.0 = Release|Any CPU
		{7C461562-66EF-4894-8AD8-F27F0B94053F}.Release|iPhoneSimulator.ActiveCfg = Release|Any CPU
		{7C461562-66EF-4894-8AD8-F27F0B94053F}.Release|iPhoneSimulator.Build.0 = Release|Any CPU
		{C48223E7-4AEF-4F6B-A8A0-DDE16B7111DA}.Debug|Any CPU.ActiveCfg = Debug|Any CPU
		{C48223E7-4AEF-4F6B-A8A0-DDE16B7111DA}.Debug|Any CPU.Build.0 = Debug|Any CPU
		{C48223E7-4AEF-4F6B-A8A0-DDE16B7111DA}.Debug|iPhone.ActiveCfg = Debug|Any CPU
		{C48223E7-4AEF-4F6B-A8A0-DDE16B7111DA}.Debug|iPhone.Build.0 = Debug|Any CPU
		{C48223E7-4AEF-4F6B-A8A0-DDE16B7111DA}.Debug|iPhoneSimulator.ActiveCfg = Debug|Any CPU
		{C48223E7-4AEF-4F6B-A8A0-DDE16B7111DA}.Debug|iPhoneSimulator.Build.0 = Debug|Any CPU
		{C48223E7-4AEF-4F6B-A8A0-DDE16B7111DA}.Release|Any CPU.ActiveCfg = Release|Any CPU
		{C48223E7-4AEF-4F6B-A8A0-DDE16B7111DA}.Release|Any CPU.Build.0 = Release|Any CPU
		{C48223E7-4AEF-4F6B-A8A0-DDE16B7111DA}.Release|iPhone.ActiveCfg = Release|Any CPU
		{C48223E7-4AEF-4F6B-A8A0-DDE16B7111DA}.Release|iPhone.Build.0 = Release|Any CPU
		{C48223E7-4AEF-4F6B-A8A0-DDE16B7111DA}.Release|iPhoneSimulator.ActiveCfg = Release|Any CPU
		{C48223E7-4AEF-4F6B-A8A0-DDE16B7111DA}.Release|iPhoneSimulator.Build.0 = Release|Any CPU
		{656BE747-ADE3-4E85-A70C-13167E716260}.Debug|Any CPU.ActiveCfg = Debug|Any CPU
		{656BE747-ADE3-4E85-A70C-13167E716260}.Debug|Any CPU.Build.0 = Debug|Any CPU
		{656BE747-ADE3-4E85-A70C-13167E716260}.Debug|iPhone.ActiveCfg = Debug|Any CPU
		{656BE747-ADE3-4E85-A70C-13167E716260}.Debug|iPhone.Build.0 = Debug|Any CPU
		{656BE747-ADE3-4E85-A70C-13167E716260}.Debug|iPhoneSimulator.ActiveCfg = Debug|Any CPU
		{656BE747-ADE3-4E85-A70C-13167E716260}.Debug|iPhoneSimulator.Build.0 = Debug|Any CPU
		{656BE747-ADE3-4E85-A70C-13167E716260}.Release|Any CPU.ActiveCfg = Release|Any CPU
		{656BE747-ADE3-4E85-A70C-13167E716260}.Release|Any CPU.Build.0 = Release|Any CPU
		{656BE747-ADE3-4E85-A70C-13167E716260}.Release|iPhone.ActiveCfg = Release|Any CPU
		{656BE747-ADE3-4E85-A70C-13167E716260}.Release|iPhone.Build.0 = Release|Any CPU
		{656BE747-ADE3-4E85-A70C-13167E716260}.Release|iPhoneSimulator.ActiveCfg = Release|Any CPU
		{656BE747-ADE3-4E85-A70C-13167E716260}.Release|iPhoneSimulator.Build.0 = Release|Any CPU
	EndGlobalSection
	GlobalSection(SolutionProperties) = preSolution
		HideSolutionNode = FALSE
	EndGlobalSection
	GlobalSection(ExtensibilityGlobals) = postSolution
		SolutionGuid = {4283D71E-1916-4BE9-ADE5-ECCFEDC0C789}
	EndGlobalSection
EndGlobal
